# This file is automatically @generated by Cargo.
# It is not intended for manual editing.
version = 3

[[package]]
name = "bitflags"
version = "1.3.2"
source = "registry+https://github.com/rust-lang/crates.io-index"
checksum = "bef38d45163c2f1dde094a7dfd33ccf595c92905c8f8f4fdc18d06fb1037718a"

[[package]]
name = "defile"
version = "0.1.2"
source = "registry+https://github.com/rust-lang/crates.io-index"
checksum = "4362749ff7c9a178a405cde5e93c1f5de0cb66403313460e1e10f09632592513"
dependencies = [
 "defile-proc_macros",
]

[[package]]
name = "defile-proc_macros"
version = "0.1.2"
source = "registry+https://github.com/rust-lang/crates.io-index"
checksum = "f86f4483ac4efccc7a82314a40a7234a352181aa8aa8369a7c5bebfdd94a9b46"

[[package]]
name = "rumio"
version = "0.2.0"
source = "registry+https://github.com/rust-lang/crates.io-index"
checksum = "49de434f6cd245a72e510ee5f5e40df11eddf42c3ef844d9b9224de7360a812a"
dependencies = [
 "bitflags",
 "defile",
]

[[package]]
name = "training_rustacean_rust"
version = "0.1.0"
dependencies = [
 "rumio",
]
